PODS:
  - flutter_pty (0.0.1):
    - FlutterMacOS
  - FlutterMacOS (1.0.0)
  - HotKey (0.2.1)
  - hotkey_manager_macos (0.0.1):
    - FlutterMacOS
    - HotKey

DEPENDENCIES:
  - flutter_pty (from `Flutter/ephemeral/.symlinks/plugins/flutter_pty/macos`)
  - FlutterMacOS (from `Flutter/ephemeral`)
  - hotkey_manager_macos (from `Flutter/ephemeral/.symlinks/plugins/hotkey_manager_macos/macos`)

SPEC REPOS:
  trunk:
    - HotKey

EXTERNAL SOURCES:
  flutter_pty:
    :path: Flutter/ephemeral/.symlinks/plugins/flutter_pty/macos
  FlutterMacOS:
    :path: Flutter/ephemeral
  hotkey_manager_macos:
    :path: Flutter/ephemeral/.symlinks/plugins/hotkey_manager_macos/macos

SPEC CHECKSUMS:
  flutter_pty: 1e360feaf8b1a213d2d50da3c076005b8eef1eee
  FlutterMacOS: c232990155153907050900a2e175c7773903ba4e
  HotKey: 400beb7caa29054ea8d864c96f5ba7e5b4852277
  hotkey_manager_macos: a4317849af96d2430fa89944d3c58977ca089fbe

PODFILE CHECKSUM: 5794ac2a35fb6821fa13cf6fa4ede882b6c102e9

COCOAPODS: 1.17.0
