PODS:
  - Flutter (1.0.0)
  - flutter_pty (0.0.1):
    - Flutter

DEPENDENCIES:
  - Flutter (from `Flutter`)
  - flutter_pty (from `.symlinks/plugins/flutter_pty/ios`)

EXTERNAL SOURCES:
  Flutter:
    :path: Flutter
  flutter_pty:
    :path: ".symlinks/plugins/flutter_pty/ios"

SPEC CHECKSUMS:
  Flutter: cabc95a1d2626b1b06e7179b784ebcf0c0cde467
  flutter_pty: 206742da6092b413cb683de17436c16d1f3c7997

PODFILE CHECKSUM: 3c63482e143d1b91d2d2560aee9fb04ecc74ac7e

COCOAPODS: 1.17.0
